{
  "name": "@dabrowskif/typed-routes",
  "version": "0.5.0",
  "lockfileVersion": 3,
  "requires": true,
  "packages": {
    "": {
      "name": "@dabrowskif/typed-routes",
      "version": "0.5.0",
      "license": "MIT",
      "dependencies": {
        "commander": "^11.1.0"
      },
      "bin": {
        "typed-routes": "dist/index.js"
      },
      "devDependencies": {
        "@types/node": "^20.10.7",
        "typescript": "^5.3.3"
      }
    },
    "node_modules/@types/node": {
      "version": "20.16.1",
      "resolved": "https://registry.npmjs.org/@types/node/-/node-20.16.1.tgz",
      "integrity": "sha512-zJDo7wEadFtSyNz5QITDfRcrhqDvQI1xQNQ0VoizPjM/dVAODqqIUWbJPkvsxmTI0MYRGRikcdjMPhOssnPejQ==",
      "dev": true,
      "dependencies": {
        "undici-types": "~6.19.2"
      }
    },
    "node_modules/commander": {
      "version": "11.1.0",
      "resolved": "https://registry.npmjs.org/commander/-/commander-11.1.0.tgz",
      "integrity": "sha512-yPVavfyCcRhmorC7rWlkHn15b4wDVgVmBA7kV4QVBsF7kv/9TKJAbAXVTxvTnwP8HHKjRCJDClKbciiYS7p0DQ==",
      "engines": {
        "node": ">=16"
      }
    },
    "node_modules/typescript": {
      "version": "5.5.4",
      "resolved": "https://registry.npmjs.org/typescript/-/typescript-5.5.4.tgz",
      "integrity": "sha512-Mtq29sKDAEYP7aljRgtPOpTvOfbwRWlS6dPRzwjdE+C0R4brX/GUyhHSecbHMFLNBLcJIPt9nl9yG5TZ1weH+Q==",
      "dev": true,
      "bin": {
        "tsc": "bin/tsc",
        "tsserver": "bin/tsserver"
      },
      "engines": {
        "node": ">=14.17"
      }
    },
    "node_modules/undici-types": {
      "version": "6.19.8",
      "resolved": "https://registry.npmjs.org/undici-types/-/undici-types-6.19.8.tgz",
      "integrity": "sha512-ve2KP6f/JnbPBFyobGHuerC9g1FYGn/F8n1LWTwNxCEzd6IfqTwUQcNXgEtmmQ6DlRrC1hrSrBnCZPokRrDHjw==",
      "dev": true
    }
  }
}
